
Microsoft Visual Studio Solution File, Format Version 12.00
# Visual Studio Version 17
VisualStudioVersion = 17.1.32421.90
MinimumVisualStudioVersion = 10.0.40219.1
Project("{FAE04EC0-301F-11D3-BF4B-00C04F79EFBC}") = "WebApplication_final", "WebApplication_final\WebApplication_final.csproj", "{0159978B-CDA6-4853-BF7D-99A2D40E564E}"
EndProject
Global
	GlobalSection(SolutionConfigurationPlatforms) = preSolution
		Debug|Any CPU = Debug|Any CPU
		Release|Any CPU = Release|Any CPU
	EndGlobalSection
	GlobalSection(ProjectConfigurationPlatforms) = postSolution
		{0159978B-CDA6-4853-BF7D-99A2D40E564E}.Debug|Any CPU.ActiveCfg = Debug|Any CPU
		{0159978B-CDA6-4853-BF7D-99A2D40E564E}.Debug|Any CPU.Build.0 = Debug|Any CPU
		{0159978B-CDA6-4853-BF7D-99A2D40E564E}.Release|Any CPU.ActiveCfg = Release|Any CPU
		{0159978B-CDA6-4853-BF7D-99A2D40E564E}.Release|Any CPU.Build.0 = Release|Any CPU
	EndGlobalSection
	GlobalSection(SolutionProperties) = preSolution
		HideSolutionNode = FALSE
	EndGlobalSection
	GlobalSection(ExtensibilityGlobals) = postSolution
		SolutionGuid = {EF2CD4AD-75AA-4781-AA8C-292B081228CA}
	EndGlobalSection
EndGlobal
